
Microsoft Visual Studio Solution File, Format Version 12.00
# Visual Studio Version 17
VisualStudioVersion = 17.2.32602.215
MinimumVisualStudioVersion = 10.0.40219.1
Project("{FAE04EC0-301F-11D3-BF4B-00C04F79EFBC}") = "CarList", "CarList.csproj", "{2EC01715-A620-404B-B9B2-DED0860E86DF}"
EndProject
Global
	GlobalSection(SolutionConfigurationPlatforms) = preSolution
		Debug|Any CPU = Debug|Any CPU
		Release|Any CPU = Release|Any CPU
	EndGlobalSection
	GlobalSection(ProjectConfigurationPlatforms) = postSolution
		{2EC01715-A620-404B-B9B2-DED0860E86DF}.Debug|Any CPU.ActiveCfg = Debug|Any CPU
		{2EC01715-A620-404B-B9B2-DED0860E86DF}.Debug|Any CPU.Build.0 = Debug|Any CPU
		{2EC01715-A620-404B-B9B2-DED0860E86DF}.Release|Any CPU.ActiveCfg = Release|Any CPU
		{2EC01715-A620-404B-B9B2-DED0860E86DF}.Release|Any CPU.Build.0 = Release|Any CPU
	EndGlobalSection
	GlobalSection(SolutionProperties) = preSolution
		HideSolutionNode = FALSE
	EndGlobalSection
	GlobalSection(ExtensibilityGlobals) = postSolution
		SolutionGuid = {49B3ECC7-CD13-4F53-B08B-B579645C6A8B}
	EndGlobalSection
EndGlobal
